# This file is generated by running "yarn install" inside your project.
# Manual changes might be lost - proceed with caution!

__metadata:
  version: 8
  cacheKey: 10c0

"@testing-library/react-render-stream@workspace:.":
  version: 0.0.0-use.local
  resolution: "@testing-library/react-render-stream@workspace:."
  peerDependencies:
    react: ^16.8.0 || ^17.0.0 || ^18.0.0 || >=19.0.0-rc <19.0.0
    react-dom: ^16.8.0 || ^17.0.0 || ^18.0.0 || >=19.0.0-rc <19.0.0
  languageName: unknown
  linkType: soft
